// !$*UTF8*$!
{
	archiveVersion = 1;
	classes = {
	};
	objectVersion = 56;
	objects = {

/* Begin PBXBuildFile section */
		1087130B29AEDAEE007A157C /* AppDelegate.swift in Sources */ = {isa = PBXBuildFile; fileRef = 1087130A29AEDAEE007A157C /* AppDelegate.swift */; };
		1087130D29AEDAEE007A157C /* SceneDelegate.swift in Sources */ = {isa = PBXBuildFile; fileRef = 1087130C29AEDAEE007A157C /* SceneDelegate.swift */; };
		1087131429AEDAF0007A157C /* Assets.xcassets in Resources */ = {isa = PBXBuildFile; fileRef = 1087131329AEDAF0007A157C /* Assets.xcassets */; };
		1087131729AEDAF0007A157C /* LaunchScreen.storyboard in Resources */ = {isa = PBXBuildFile; fileRef = 1087131529AEDAF0007A157C /* LaunchScreen.storyboard */; };
		1087131F29AEE3FE007A157C /* Network.swift in Sources */ = {isa = PBXBuildFile; fileRef = 1087131E29AEE3FE007A157C /* Network.swift */; };
		1087132129AF0B94007A157C /* stopsModel.swift in Sources */ = {isa = PBXBuildFile; fileRef = 1087132029AF0B94007A157C /* stopsModel.swift */; };
		1087132329AF0FA2007A157C /* StopsTableViewCell.swift in Sources */ = {isa = PBXBuildFile; fileRef = 1087132229AF0FA2007A157C /* StopsTableViewCell.swift */; };
		1087132A29AF1CC0007A157C /* MapViewController.swift in Sources */ = {isa = PBXBuildFile; fileRef = 1087132929AF1CC0007A157C /* MapViewController.swift */; };
		1087132C29AF25B7007A157C /* ModelWithCoordinates.swift in Sources */ = {isa = PBXBuildFile; fileRef = 1087132B29AF25B7007A157C /* ModelWithCoordinates.swift */; };
		1087132E29B190E8007A157C /* BusStopPresenter.swift in Sources */ = {isa = PBXBuildFile; fileRef = 1087132D29B190E8007A157C /* BusStopPresenter.swift */; };
		1087133429B1B3CF007A157C /* BusStopListViewController.swift in Sources */ = {isa = PBXBuildFile; fileRef = 1087133329B1B3CF007A157C /* BusStopListViewController.swift */; };
/* End PBXBuildFile section */

/* Begin PBXFileReference section */
		1087130729AEDAEE007A157C /* Test_MT_App.app */ = {isa = PBXFileReference; explicitFileType = wrapper.application; includeInIndex = 0; path = Test_MT_App.app; sourceTree = BUILT_PRODUCTS_DIR; };
		1087130A29AEDAEE007A157C /* AppDelegate.swift */ = {isa = PBXFileReference; lastKnownFileType = sourcecode.swift; path = AppDelegate.swift; sourceTree = "<group>"; };
		1087130C29AEDAEE007A157C /* SceneDelegate.swift */ = {isa = PBXFileReference; lastKnownFileType = sourcecode.swift; path = SceneDelegate.swift; sourceTree = "<group>"; };
		1087131329AEDAF0007A157C /* Assets.xcassets */ = {isa = PBXFileReference; lastKnownFileType = folder.assetcatalog; path = Assets.xcassets; sourceTree = "<group>"; };
		1087131629AEDAF0007A157C /* Base */ = {isa = PBXFileReference; lastKnownFileType = file.storyboard; name = Base; path = Base.lproj/LaunchScreen.storyboard; sourceTree = "<group>"; };
		1087131829AEDAF0007A157C /* Info.plist */ = {isa = PBXFileReference; lastKnownFileType = text.plist.xml; path = Info.plist; sourceTree = "<group>"; };
		1087131E29AEE3FE007A157C /* Network.swift */ = {isa = PBXFileReference; lastKnownFileType = sourcecode.swift; path = Network.swift; sourceTree = "<group>"; };
		1087132029AF0B94007A157C /* stopsModel.swift */ = {isa = PBXFileReference; lastKnownFileType = sourcecode.swift; path = stopsModel.swift; sourceTree = "<group>"; };
		1087132229AF0FA2007A157C /* StopsTableViewCell.swift */ = {isa = PBXFileReference; lastKnownFileType = sourcecode.swift; path = StopsTableViewCell.swift; sourceTree = "<group>"; };
		1087132929AF1CC0007A157C /* MapViewController.swift */ = {isa = PBXFileReference; lastKnownFileType = sourcecode.swift; path = MapViewController.swift; sourceTree = "<group>"; };
		1087132B29AF25B7007A157C /* ModelWithCoordinates.swift */ = {isa = PBXFileReference; lastKnownFileType = sourcecode.swift; path = ModelWithCoordinates.swift; sourceTree = "<group>"; };
		1087132D29B190E8007A157C /* BusStopPresenter.swift */ = {isa = PBXFileReference; lastKnownFileType = sourcecode.swift; path = BusStopPresenter.swift; sourceTree = "<group>"; };
		1087133329B1B3CF007A157C /* BusStopListViewController.swift */ = {isa = PBXFileReference; fileEncoding = 4; lastKnownFileType = sourcecode.swift; name = BusStopListViewController.swift; path = BusStopListViewController/BusStopListViewController.swift; sourceTree = "<group>"; };
/* End PBXFileReference section */

/* Begin PBXFrameworksBuildPhase section */
		1087130429AEDAEE007A157C /* Frameworks */ = {
			isa = PBXFrameworksBuildPhase;
			buildActionMask = 2147483647;
			files = (
			);
			runOnlyForDeploymentPostprocessing = 0;
		};
/* End PBXFrameworksBuildPhase section */

/* Begin PBXGroup section */
		108712FE29AEDAEE007A157C = {
			isa = PBXGroup;
			children = (
				1087130929AEDAEE007A157C /* Test_MT_App */,
				1087130829AEDAEE007A157C /* Products */,
			);
			sourceTree = "<group>";
		};
		1087130829AEDAEE007A157C /* Products */ = {
			isa = PBXGroup;
			children = (
				1087130729AEDAEE007A157C /* Test_MT_App.app */,
			);
			name = Products;
			sourceTree = "<group>";
		};
		1087130929AEDAEE007A157C /* Test_MT_App */ = {
			isa = PBXGroup;
			children = (
				1087132929AF1CC0007A157C /* MapViewController.swift */,
				1087133029B1B1BD007A157C /* BusStopsModul */,
				1087132729AF17A8007A157C /* Network */,
				1087132629AF1789007A157C /* Assistance */,
				1087131329AEDAF0007A157C /* Assets.xcassets */,
				1087131529AEDAF0007A157C /* LaunchScreen.storyboard */,
				1087131829AEDAF0007A157C /* Info.plist */,
			);
			path = Test_MT_App;
			sourceTree = "<group>";
		};
		1087132429AF1748007A157C /* BusStopListViewController */ = {
			isa = PBXGroup;
			children = (
				1087132829AF17C4007A157C /* TableViewCells */,
			);
			path = BusStopListViewController;
			sourceTree = "<group>";
		};
		1087132529AF175F007A157C /* BusStopsModel */ = {
			isa = PBXGroup;
			children = (
				1087132029AF0B94007A157C /* stopsModel.swift */,
				1087132B29AF25B7007A157C /* ModelWithCoordinates.swift */,
			);
			path = BusStopsModel;
			sourceTree = "<group>";
		};
		1087132629AF1789007A157C /* Assistance */ = {
			isa = PBXGroup;
			children = (
				1087130A29AEDAEE007A157C /* AppDelegate.swift */,
				1087130C29AEDAEE007A157C /* SceneDelegate.swift */,
			);
			path = Assistance;
			sourceTree = "<group>";
		};
		1087132729AF17A8007A157C /* Network */ = {
			isa = PBXGroup;
			children = (
				1087131E29AEE3FE007A157C /* Network.swift */,
			);
			path = Network;
			sourceTree = "<group>";
		};
		1087132829AF17C4007A157C /* TableViewCells */ = {
			isa = PBXGroup;
			children = (
				1087132229AF0FA2007A157C /* StopsTableViewCell.swift */,
			);
			path = TableViewCells;
			sourceTree = "<group>";
		};
		1087132F29B190FC007A157C /* BusStopPresenter */ = {
			isa = PBXGroup;
			children = (
				1087132D29B190E8007A157C /* BusStopPresenter.swift */,
			);
			path = BusStopPresenter;
			sourceTree = "<group>";
		};
		1087133029B1B1BD007A157C /* BusStopsModul */ = {
			isa = PBXGroup;
			children = (
				1087133329B1B3CF007A157C /* BusStopListViewController.swift */,
				1087132F29B190FC007A157C /* BusStopPresenter */,
				1087132429AF1748007A157C /* BusStopListViewController */,
				1087132529AF175F007A157C /* BusStopsModel */,
			);
			path = BusStopsModul;
			sourceTree = "<group>";
		};
/* End PBXGroup section */

/* Begin PBXNativeTarget section */
		1087130629AEDAEE007A157C /* Test_MT_App */ = {
			isa = PBXNativeTarget;
			buildConfigurationList = 1087131B29AEDAF0007A157C /* Build configuration list for PBXNativeTarget "Test_MT_App" */;
			buildPhases = (
				1087130329AEDAEE007A157C /* Sources */,
				1087130429AEDAEE007A157C /* Frameworks */,
				1087130529AEDAEE007A157C /* Resources */,
			);
			buildRules = (
			);
			dependencies = (
			);
			name = Test_MT_App;
			productName = Test_MT_App;
			productReference = 1087130729AEDAEE007A157C /* Test_MT_App.app */;
			productType = "com.apple.product-type.application";
		};
/* End PBXNativeTarget section */

/* Begin PBXProject section */
		108712FF29AEDAEE007A157C /* Project object */ = {
			isa = PBXProject;
			attributes = {
				BuildIndependentTargetsInParallel = 1;
				LastSwiftUpdateCheck = 1410;
				LastUpgradeCheck = 1410;
				TargetAttributes = {
					1087130629AEDAEE007A157C = {
						CreatedOnToolsVersion = 14.1;
					};
				};
			};
			buildConfigurationList = 1087130229AEDAEE007A157C /* Build configuration list for PBXProject "Test_MT_App" */;
			compatibilityVersion = "Xcode 14.0";
			developmentRegion = en;
			hasScannedForEncodings = 0;
			knownRegions = (
				en,
				Base,
			);
			mainGroup = 108712FE29AEDAEE007A157C;
			productRefGroup = 1087130829AEDAEE007A157C /* Products */;
			projectDirPath = "";
			projectRoot = "";
			targets = (
				1087130629AEDAEE007A157C /* Test_MT_App */,
			);
		};
/* End PBXProject section */

/* Begin PBXResourcesBuildPhase section */
		1087130529AEDAEE007A157C /* Resources */ = {
			isa = PBXResourcesBuildPhase;
			buildActionMask = 2147483647;
			files = (
				1087131729AEDAF0007A157C /* LaunchScreen.storyboard in Resources */,
				1087131429AEDAF0007A157C /* Assets.xcassets in Resources */,
			);
			runOnlyForDeploymentPostprocessing = 0;
		};
/* End PBXResourcesBuildPhase section */

/* Begin PBXSourcesBuildPhase section */
		1087130329AEDAEE007A157C /* Sources */ = {
			isa = PBXSourcesBuildPhase;
			buildActionMask = 2147483647;
			files = (
				1087130B29AEDAEE007A157C /* AppDelegate.swift in Sources */,
				1087132129AF0B94007A157C /* stopsModel.swift in Sources */,
				1087132329AF0FA2007A157C /* StopsTableViewCell.swift in Sources */,
				1087131F29AEE3FE007A157C /* Network.swift in Sources */,
				1087132C29AF25B7007A157C /* ModelWithCoordinates.swift in Sources */,
				1087130D29AEDAEE007A157C /* SceneDelegate.swift in Sources */,
				1087132A29AF1CC0007A157C /* MapViewController.swift in Sources */,
				1087133429B1B3CF007A157C /* BusStopListViewController.swift in Sources */,
				1087132E29B190E8007A157C /* BusStopPresenter.swift in Sources */,
			);
			runOnlyForDeploymentPostprocessing = 0;
		};
/* End PBXSourcesBuildPhase section */

/* Begin PBXVariantGroup section */
		1087131529AEDAF0007A157C /* LaunchScreen.storyboard */ = {
			isa = PBXVariantGroup;
			children = (
				1087131629AEDAF0007A157C /* Base */,
			);
			name = LaunchScreen.storyboard;
			sourceTree = "<group>";
		};
/* End PBXVariantGroup section */

/* Begin XCBuildConfiguration section */
		1087131929AEDAF0007A157C /* Debug */ = {
			isa = XCBuildConfiguration;
			buildSettings = {
				ALWAYS_SEARCH_USER_PATHS = NO;
				CLANG_ANALYZER_NONNULL = YES;
				CLANG_ANALYZER_NUMBER_OBJECT_CONVERSION = YES_AGGRESSIVE;
				CLANG_CXX_LANGUAGE_STANDARD = "gnu++20";
				CLANG_ENABLE_MODULES = YES;
				CLANG_ENABLE_OBJC_ARC = YES;
				CLANG_ENABLE_OBJC_WEAK = YES;
				CLANG_WARN_BLOCK_CAPTURE_AUTORELEASING = YES;
				CLANG_WARN_BOOL_CONVERSION = YES;
				CLANG_WARN_COMMA = YES;
				CLANG_WARN_CONSTANT_CONVERSION = YES;
				CLANG_WARN_DEPRECATED_OBJC_IMPLEMENTATIONS = YES;
				CLANG_WARN_DIRECT_OBJC_ISA_USAGE = YES_ERROR;
				CLANG_WARN_DOCUMENTATION_COMMENTS = YES;
				CLANG_WARN_EMPTY_BODY = YES;
				CLANG_WARN_ENUM_CONVERSION = YES;
				CLANG_WARN_INFINITE_RECURSION = YES;
				CLANG_WARN_INT_CONVERSION = YES;
				CLANG_WARN_NON_LITERAL_NULL_CONVERSION = YES;
				CLANG_WARN_OBJC_IMPLICIT_RETAIN_SELF = YES;
				CLANG_WARN_OBJC_LITERAL_CONVERSION = YES;
				CLANG_WARN_OBJC_ROOT_CLASS = YES_ERROR;
				CLANG_WARN_QUOTED_INCLUDE_IN_FRAMEWORK_HEADER = YES;
				CLANG_WARN_RANGE_LOOP_ANALYSIS = YES;
				CLANG_WARN_STRICT_PROTOTYPES = YES;
				CLANG_WARN_SUSPICIOUS_MOVE = YES;
				CLANG_WARN_UNGUARDED_AVAILABILITY = YES_AGGRESSIVE;
				CLANG_WARN_UNREACHABLE_CODE = YES;
				CLANG_WARN__DUPLICATE_METHOD_MATCH = YES;
				COPY_PHASE_STRIP = NO;
				DEBUG_INFORMATION_FORMAT = dwarf;
				ENABLE_STRICT_OBJC_MSGSEND = YES;
				ENABLE_TESTABILITY = YES;
				GCC_C_LANGUAGE_STANDARD = gnu11;
				GCC_DYNAMIC_NO_PIC = NO;
				GCC_NO_COMMON_BLOCKS = YES;
				GCC_OPTIMIZATION_LEVEL = 0;
				GCC_PREPROCESSOR_DEFINITIONS = (
					"DEBUG=1",
					"$(inherited)",
				);
				GCC_WARN_64_TO_32_BIT_CONVERSION = YES;
				GCC_WARN_ABOUT_RETURN_TYPE = YES_ERROR;
				GCC_WARN_UNDECLARED_SELECTOR = YES;
				GCC_WARN_UNINITIALIZED_AUTOS = YES_AGGRESSIVE;
				GCC_WARN_UNUSED_FUNCTION = YES;
				GCC_WARN_UNUSED_VARIABLE = YES;
				IPHONEOS_DEPLOYMENT_TARGET = 16.1;
				MTL_ENABLE_DEBUG_INFO = INCLUDE_SOURCE;
				MTL_FAST_MATH = YES;
				ONLY_ACTIVE_ARCH = YES;
				SDKROOT = iphoneos;
				SWIFT_ACTIVE_COMPILATION_CONDITIONS = DEBUG;
				SWIFT_OPTIMIZATION_LEVEL = "-Onone";
			};
			name = Debug;
		};
		1087131A29AEDAF0007A157C /* Release */ = {
			isa = XCBuildConfiguration;
			buildSettings = {
				ALWAYS_SEARCH_USER_PATHS = NO;
				CLANG_ANALYZER_NONNULL = YES;
				CLANG_ANALYZER_NUMBER_OBJECT_CONVERSION = YES_AGGRESSIVE;
				CLANG_CXX_LANGUAGE_STANDARD = "gnu++20";
				CLANG_ENABLE_MODULES = YES;
				CLANG_ENABLE_OBJC_ARC = YES;
				CLANG_ENABLE_OBJC_WEAK = YES;
				CLANG_WARN_BLOCK_CAPTURE_AUTORELEASING = YES;
				CLANG_WARN_BOOL_CONVERSION = YES;
				CLANG_WARN_COMMA = YES;
				CLANG_WARN_CONSTANT_CONVERSION = YES;
				CLANG_WARN_DEPRECATED_OBJC_IMPLEMENTATIONS = YES;
				CLANG_WARN_DIRECT_OBJC_ISA_USAGE = YES_ERROR;
				CLANG_WARN_DOCUMENTATION_COMMENTS = YES;
				CLANG_WARN_EMPTY_BODY = YES;
				CLANG_WARN_ENUM_CONVERSION = YES;
				CLANG_WARN_INFINITE_RECURSION = YES;
				CLANG_WARN_INT_CONVERSION = YES;
				CLANG_WARN_NON_LITERAL_NULL_CONVERSION = YES;
				CLANG_WARN_OBJC_IMPLICIT_RETAIN_SELF = YES;
				CLANG_WARN_OBJC_LITERAL_CONVERSION = YES;
				CLANG_WARN_OBJC_ROOT_CLASS = YES_ERROR;
				CLANG_WARN_QUOTED_INCLUDE_IN_FRAMEWORK_HEADER = YES;
				CLANG_WARN_RANGE_LOOP_ANALYSIS = YES;
				CLANG_WARN_STRICT_PROTOTYPES = YES;
				CLANG_WARN_SUSPICIOUS_MOVE = YES;
				CLANG_WARN_UNGUARDED_AVAILABILITY = YES_AGGRESSIVE;
				CLANG_WARN_UNREACHABLE_CODE = YES;
				CLANG_WARN__DUPLICATE_METHOD_MATCH = YES;
				COPY_PHASE_STRIP = NO;
				DEBUG_INFORMATION_FORMAT = "dwarf-with-dsym";
				ENABLE_NS_ASSERTIONS = NO;
				ENABLE_STRICT_OBJC_MSGSEND = YES;
				GCC_C_LANGUAGE_STANDARD = gnu11;
				GCC_NO_COMMON_BLOCKS = YES;
				GCC_WARN_64_TO_32_BIT_CONVERSION = YES;
				GCC_WARN_ABOUT_RETURN_TYPE = YES_ERROR;
				GCC_WARN_UNDECLARED_SELECTOR = YES;
				GCC_WARN_UNINITIALIZED_AUTOS = YES_AGGRESSIVE;
				GCC_WARN_UNUSED_FUNCTION = YES;
				GCC_WARN_UNUSED_VARIABLE = YES;
				IPHONEOS_DEPLOYMENT_TARGET = 16.1;
				MTL_ENABLE_DEBUG_INFO = NO;
				MTL_FAST_MATH = YES;
				SDKROOT = iphoneos;
				SWIFT_COMPILATION_MODE = wholemodule;
				SWIFT_OPTIMIZATION_LEVEL = "-O";
				VALIDATE_PRODUCT = YES;
			};
			name = Release;
		};
		1087131C29AEDAF0007A157C /* Debug */ = {
			isa = XCBuildConfiguration;
			buildSettings = {
				ASSETCATALOG_COMPILER_APPICON_NAME = AppIcon;
				ASSETCATALOG_COMPILER_GLOBAL_ACCENT_COLOR_NAME = AccentColor;
				CODE_SIGN_STYLE = Automatic;
				CURRENT_PROJECT_VERSION = 1;
				DEVELOPMENT_TEAM = 7HD49893B6;
				GENERATE_INFOPLIST_FILE = YES;
				INFOPLIST_FILE = Test_MT_App/Info.plist;
				INFOPLIST_KEY_UIApplicationSupportsIndirectInputEvents = YES;
				INFOPLIST_KEY_UILaunchStoryboardName = LaunchScreen;
				INFOPLIST_KEY_UISupportedInterfaceOrientations_iPad = "UIInterfaceOrientationPortrait UIInterfaceOrientationPortraitUpsideDown UIInterfaceOrientationLandscapeLeft UIInterfaceOrientationLandscapeRight";
				INFOPLIST_KEY_UISupportedInterfaceOrientations_iPhone = "UIInterfaceOrientationPortrait UIInterfaceOrientationLandscapeLeft UIInterfaceOrientationLandscapeRight";
				LD_RUNPATH_SEARCH_PATHS = (
					"$(inherited)",
					"@executable_path/Frameworks",
				);
				MARKETING_VERSION = 1.0;
				PRODUCT_BUNDLE_IDENTIFIER = "Kristina.Test-MT-App";
				PRODUCT_NAME = "$(TARGET_NAME)";
				SWIFT_EMIT_LOC_STRINGS = YES;
				SWIFT_VERSION = 5.0;
				TARGETED_DEVICE_FAMILY = "1,2";
			};
			name = Debug;
		};
		1087131D29AEDAF0007A157C /* Release */ = {
			isa = XCBuildConfiguration;
			buildSettings = {
				ASSETCATALOG_COMPILER_APPICON_NAME = AppIcon;
				ASSETCATALOG_COMPILER_GLOBAL_ACCENT_COLOR_NAME = AccentColor;
				CODE_SIGN_STYLE = Automatic;
				CURRENT_PROJECT_VERSION = 1;
				DEVELOPMENT_TEAM = 7HD49893B6;
				GENERATE_INFOPLIST_FILE = YES;
				INFOPLIST_FILE = Test_MT_App/Info.plist;
				INFOPLIST_KEY_UIApplicationSupportsIndirectInputEvents = YES;
				INFOPLIST_KEY_UILaunchStoryboardName = LaunchScreen;
				INFOPLIST_KEY_UISupportedInterfaceOrientations_iPad = "UIInterfaceOrientationPortrait UIInterfaceOrientationPortraitUpsideDown UIInterfaceOrientationLandscapeLeft UIInterfaceOrientationLandscapeRight";
				INFOPLIST_KEY_UISupportedInterfaceOrientations_iPhone = "UIInterfaceOrientationPortrait UIInterfaceOrientationLandscapeLeft UIInterfaceOrientationLandscapeRight";
				LD_RUNPATH_SEARCH_PATHS = (
					"$(inherited)",
					"@executable_path/Frameworks",
				);
				MARKETING_VERSION = 1.0;
				PRODUCT_BUNDLE_IDENTIFIER = "Kristina.Test-MT-App";
				PRODUCT_NAME = "$(TARGET_NAME)";
				SWIFT_EMIT_LOC_STRINGS = YES;
				SWIFT_VERSION = 5.0;
				TARGETED_DEVICE_FAMILY = "1,2";
			};
			name = Release;
		};
/* End XCBuildConfiguration section */

/* Begin XCConfigurationList section */
		1087130229AEDAEE007A157C /* Build configuration list for PBXProject "Test_MT_App" */ = {
			isa = XCConfigurationList;
			buildConfigurations = (
				1087131929AEDAF0007A157C /* Debug */,
				1087131A29AEDAF0007A157C /* Release */,
			);
			defaultConfigurationIsVisible = 0;
			defaultConfigurationName = Release;
		};
		1087131B29AEDAF0007A157C /* Build configuration list for PBXNativeTarget "Test_MT_App" */ = {
			isa = XCConfigurationList;
			buildConfigurations = (
				1087131C29AEDAF0007A157C /* Debug */,
				1087131D29AEDAF0007A157C /* Release */,
			);
			defaultConfigurationIsVisible = 0;
			defaultConfigurationName = Release;
		};
/* End XCConfigurationList section */
	};
	rootObject = 108712FF29AEDAEE007A157C /* Project object */;
}
